{
  "name": "@schedulty/rvuzov-converter",
  "version": "1.0.2",
  "lockfileVersion": 1,
  "requires": true,
  "dependencies": {
    "@schedulty/client": {
      "version": "1.0.3",
      "resolved": "https://registry.npmjs.org/@schedulty/client/-/client-1.0.3.tgz",
      "integrity": "sha512-8pspLNEUAb/j02a+JxSaAS+8ZXdxY7vbQhgWhx6+9wvPl9CapSJdw9l7+ov/SZB1CXsBo+03pFW5agvvfHGtng==",
      "requires": {
        "node-fetch": "2.6.1"
      }
    },
    "@types/node": {
      "version": "16.7.10",
      "resolved": "https://registry.npmjs.org/@types/node/-/node-16.7.10.tgz",
      "integrity": "sha512-S63Dlv4zIPb8x6MMTgDq5WWRJQe56iBEY0O3SOFA9JrRienkOVDXSXBjjJw6HTNQYSE2JI6GMCR6LVbIMHJVvA==",
      "dev": true
    },
    "@types/node-fetch": {
      "version": "3.0.3",
      "resolved": "https://registry.npmjs.org/@types/node-fetch/-/node-fetch-3.0.3.tgz",
      "integrity": "sha512-HhggYPH5N+AQe/OmN6fmhKmRRt2XuNJow+R3pQwJxOOF9GuwM7O2mheyGeIrs5MOIeNjDEdgdoyHBOrFeJBR3g==",
      "dev": true,
      "requires": {
        "node-fetch": "*"
      }
    },
    "node-fetch": {
      "version": "2.6.1",
      "resolved": "https://registry.npmjs.org/node-fetch/-/node-fetch-2.6.1.tgz",
      "integrity": "sha512-V4aYg89jEoVRxRb2fJdAg8FHvI7cEyYdVAh94HH0UIK8oJxUfkjlDQN9RbMx+bEjP7+ggMiFRprSti032Oipxw=="
    },
    "typescript": {
      "version": "4.4.2",
      "resolved": "https://registry.npmjs.org/typescript/-/typescript-4.4.2.tgz",
      "integrity": "sha512-gzP+t5W4hdy4c+68bfcv0t400HVJMMd2+H9B7gae1nQlBzCqvrXX+6GL/b3GAgyTH966pzrZ70/fRjwAtZksSQ==",
      "dev": true
    }
  }
}
